
Microsoft Visual Studio Solution File, Format Version 12.00
# Visual Studio Version 17
VisualStudioVersion = 17.14.36310.24 d17.14
MinimumVisualStudioVersion = 10.0.40219.1
Project("{FAE04EC0-301F-11D3-BF4B-00C04F79EFBC}") = "iVA", "iVA.csproj", "{CB86B955-9816-49B8-9D21-E6FDC5B4AE89}"
EndProject
Global
	GlobalSection(SolutionConfigurationPlatforms) = preSolution
		Debug|Any CPU = Debug|Any CPU
		Release|Any CPU = Release|Any CPU
	EndGlobalSection
	GlobalSection(ProjectConfigurationPlatforms) = postSolution
		{CB86B955-9816-49B8-9D21-E6FDC5B4AE89}.Debug|Any CPU.ActiveCfg = Debug|Any CPU
		{CB86B955-9816-49B8-9D21-E6FDC5B4AE89}.Debug|Any CPU.Build.0 = Debug|Any CPU
		{CB86B955-9816-49B8-9D21-E6FDC5B4AE89}.Release|Any CPU.ActiveCfg = Release|Any CPU
		{CB86B955-9816-49B8-9D21-E6FDC5B4AE89}.Release|Any CPU.Build.0 = Release|Any CPU
	EndGlobalSection
	GlobalSection(SolutionProperties) = preSolution
		HideSolutionNode = FALSE
	EndGlobalSection
	GlobalSection(ExtensibilityGlobals) = postSolution
		SolutionGuid = {37AEA91F-FBF2-43F1-9F31-DA96DDE3DFCA}
	EndGlobalSection
EndGlobal
